# THIS IS AN AUTOGENERATED FILE. DO NOT EDIT THIS FILE DIRECTLY.
# yarn lockfile v1


"-@^0.0.1":
  "integrity" "sha512-3HfneK3DGAm05fpyj20sT3apkNcvPpCuccOThOPdzz8sY7GgQGe0l93XH9bt+YzibcTIgUAIMoyVJI740RtgyQ=="
  "resolved" "https://registry.npmjs.org/-/-/--0.0.1.tgz"
  "version" "0.0.1"

"al@^0.0.3":
  "integrity" "sha1-ZHgBV+jaSp3byixJt9mY5rodNGg="
  "resolved" "https://registry.npmjs.org/al/-/al-0.0.3.tgz"
  "version" "0.0.3"
  dependencies:
    "http-get" ">0.4.0"

"buffer-concat@>=0.0.1":
  "integrity" "sha1-Le+trcsUXgrTwLlhzeGRCxGNH+Y="
  "resolved" "https://registry.npmjs.org/buffer-concat/-/buffer-concat-1.0.0.tgz"
  "version" "1.0.0"

"http-get@>0.4.0":
  "integrity" "sha1-FmZPsaahcLsN4DkvVRtLX/fAvZU="
  "resolved" "https://registry.npmjs.org/http-get/-/http-get-0.5.10.tgz"
  "version" "0.5.10"
  dependencies:
    "buffer-concat" ">=0.0.1"
    "semver" ">=1.0.13"

"lru-cache@^6.0.0":
  "integrity" "sha512-Jo6dJ04CmSjuznwJSS3pUeWmd/H0ffTlkXXgwZi+eq1UCmqQwCh+eLsYOYCwY991i2Fah4h1BEMCx4qThGbsiA=="
  "resolved" "https://registry.npmjs.org/lru-cache/-/lru-cache-6.0.0.tgz"
  "version" "6.0.0"
  dependencies:
    "yallist" "^4.0.0"

"semver@>=1.0.13":
  "integrity" "sha512-PoeGJYh8HK4BTO/a9Tf6ZG3veo/A7ZVsYrSA6J8ny9nb3B1VrpkuN+z9OE5wfE5p6H4LchYZsegiQgbJD94ZFQ=="
  "resolved" "https://registry.npmjs.org/semver/-/semver-7.3.5.tgz"
  "version" "7.3.5"
  dependencies:
    "lru-cache" "^6.0.0"

"yallist@^4.0.0":
  "integrity" "sha512-3wdGidZyq5PB084XLES5TpOSRA3wjXAlIWMhum2kRcv/41Sn2emQ0dycQW4uZXLejwKvg6EsvbdlVL+FYEct7A=="
  "resolved" "https://registry.npmjs.org/yallist/-/yallist-4.0.0.tgz"
  "version" "4.0.0"
